
Microsoft Visual Studio Solution File, Format Version 12.00
# Visual Studio Version 16
VisualStudioVersion = 16.0.30128.74
MinimumVisualStudioVersion = 10.0.40219.1
Project("{FAE04EC0-301F-11D3-BF4B-00C04F79EFBC}") = "ChatApplication", "ChatApplication\ChatApplication.csproj", "{39D0B7F2-B52C-4479-80C4-7D561854A115}"
EndProject
Project("{FAE04EC0-301F-11D3-BF4B-00C04F79EFBC}") = "ChatApplication.Core", "ChatApplication.Core\ChatApplication.Core.csproj", "{2CB758DD-860D-41BD-8216-323529BF6502}"
EndProject
Global
	GlobalSection(SolutionConfigurationPlatforms) = preSolution
		Debug|Any CPU = Debug|Any CPU
		Release|Any CPU = Release|Any CPU
	EndGlobalSection
	GlobalSection(ProjectConfigurationPlatforms) = postSolution
		{39D0B7F2-B52C-4479-80C4-7D561854A115}.Debug|Any CPU.ActiveCfg = Debug|Any CPU
		{39D0B7F2-B52C-4479-80C4-7D561854A115}.Debug|Any CPU.Build.0 = Debug|Any CPU
		{39D0B7F2-B52C-4479-80C4-7D561854A115}.Release|Any CPU.ActiveCfg = Release|Any CPU
		{39D0B7F2-B52C-4479-80C4-7D561854A115}.Release|Any CPU.Build.0 = Release|Any CPU
		{2CB758DD-860D-41BD-8216-323529BF6502}.Debug|Any CPU.ActiveCfg = Debug|Any CPU
		{2CB758DD-860D-41BD-8216-323529BF6502}.Debug|Any CPU.Build.0 = Debug|Any CPU
		{2CB758DD-860D-41BD-8216-323529BF6502}.Release|Any CPU.ActiveCfg = Release|Any CPU
		{2CB758DD-860D-41BD-8216-323529BF6502}.Release|Any CPU.Build.0 = Release|Any CPU
	EndGlobalSection
	GlobalSection(SolutionProperties) = preSolution
		HideSolutionNode = FALSE
	EndGlobalSection
	GlobalSection(ExtensibilityGlobals) = postSolution
		SolutionGuid = {1DB61D3E-7860-4378-A5DD-D9D5ED3DC184}
	EndGlobalSection
EndGlobal
